{
  "name": "adobe-support",
  "version": "1.0.0",
  "lockfileVersion": 1,
  "requires": true,
  "dependencies": {
    "@spectrum-css/button": {
      "version": "4.1.4",
      "resolved": "https://registry.npmjs.org/@spectrum-css/button/-/button-4.1.4.tgz",
      "integrity": "sha512-GO2s8SlPFrIrA/koxXtS7SFemeOEirRzaOxoMKkYvAwTcZgxo81QwODOvCOMKElRKZCe6ZHLBFHX0ztx9X6lwA=="
    },
    "@spectrum-css/icon": {
      "version": "3.0.9",
      "resolved": "https://registry.npmjs.org/@spectrum-css/icon/-/icon-3.0.9.tgz",
      "integrity": "sha512-aX7B5+XOl4ObkJVcyyUCIbeFSdSXVAuyRQbLMzHetv85yihJX3D91jt1thkQVG2wS47jSl76QMq3WQ8DZxbQ+A=="
    },
    "@spectrum-css/page": {
      "version": "3.0.8",
      "resolved": "https://registry.npmjs.org/@spectrum-css/page/-/page-3.0.8.tgz",
      "integrity": "sha512-naEGOyDv9zeK05oa8mZKdwenPILmHG9OTLyKcE8RwuYQDvb0EHcMGC54DOKtGJ5SMNMGCMdC4RwmYUYYKAhkNA==",
      "requires": {
        "@spectrum-css/vars": "^4.3.0"
      }
    },
    "@spectrum-css/picker": {
      "version": "1.1.3",
      "resolved": "https://registry.npmjs.org/@spectrum-css/picker/-/picker-1.1.3.tgz",
      "integrity": "sha512-Ln4FyYhiE+2G7pJIlD0W8vqCqc1fi3j4m4YwdJzNdjG3gnwScolBwm8LRXNOnMFGcnedB0xtxYAxg54gDZi6bA=="
    },
    "@spectrum-css/typography": {
      "version": "4.0.5",
      "resolved": "https://registry.npmjs.org/@spectrum-css/typography/-/typography-4.0.5.tgz",
      "integrity": "sha512-miV9zetw4xA315tIYQdI4kPCr7FnyRigaFDlknDHEr5CEUHumoOQ4eqJMliTcIA1HeH1ip1dvK0ANKDcs/ncgA=="
    },
    "@spectrum-css/vars": {
      "version": "4.3.0",
      "resolved": "https://registry.npmjs.org/@spectrum-css/vars/-/vars-4.3.0.tgz",
      "integrity": "sha512-ZQ2XAhgu4G9yBeXQNDAz07Z8oZNnMt5o9vzf/mpBA7Teb/JI+8qXp2wt8D245SzmtNlFkG/bzRYvQc0scgZeCQ=="
    }
  }
}
